
Microsoft Visual Studio Solution File, Format Version 12.00
# Visual Studio Version 17
VisualStudioVersion = 17.9.34728.123
MinimumVisualStudioVersion = 10.0.40219.1
Project("{9A19103F-16F7-4668-BE54-9A1E7A4F7556}") = "EPaperLoader", "EPaper Loader\EPaperLoader.csproj", "{8E7B3ACC-EDA6-4847-BF33-207F28BE64FB}"
EndProject
Global
	GlobalSection(SolutionConfigurationPlatforms) = preSolution
		Debug|Any CPU = Debug|Any CPU
		Release|Any CPU = Release|Any CPU
	EndGlobalSection
	GlobalSection(ProjectConfigurationPlatforms) = postSolution
		{8E7B3ACC-EDA6-4847-BF33-207F28BE64FB}.Debug|Any CPU.ActiveCfg = Debug|Any CPU
		{8E7B3ACC-EDA6-4847-BF33-207F28BE64FB}.Debug|Any CPU.Build.0 = Debug|Any CPU
		{8E7B3ACC-EDA6-4847-BF33-207F28BE64FB}.Debug|Any CPU.Deploy.0 = Debug|Any CPU
		{8E7B3ACC-EDA6-4847-BF33-207F28BE64FB}.Release|Any CPU.ActiveCfg = Release|Any CPU
		{8E7B3ACC-EDA6-4847-BF33-207F28BE64FB}.Release|Any CPU.Build.0 = Release|Any CPU
		{8E7B3ACC-EDA6-4847-BF33-207F28BE64FB}.Release|Any CPU.Deploy.0 = Release|Any CPU
	EndGlobalSection
	GlobalSection(SolutionProperties) = preSolution
		HideSolutionNode = FALSE
	EndGlobalSection
	GlobalSection(ExtensibilityGlobals) = postSolution
		SolutionGuid = {F98C81C1-0C08-48DE-8841-242DDA5E7796}
	EndGlobalSection
EndGlobal
